
Microsoft Visual Studio Solution File, Format Version 12.00
# Visual Studio Version 17
VisualStudioVersion = 17.0.31903.59
MinimumVisualStudioVersion = 10.0.40219.1
Project("{FAE04EC0-301F-11D3-BF4B-00C04F79EFBC}") = "SAFARIstack.API", "src\SAFARIstack.API\SAFARIstack.API.csproj", "{E1A1B1C1-1A1B-1C1D-1E1F-1A1B1C1D1E1F}"
EndProject
Project("{FAE04EC0-301F-11D3-BF4B-00C04F79EFBC}") = "SAFARIstack.Core", "src\SAFARIstack.Core\SAFARIstack.Core.csproj", "{E2A2B2C2-2A2B-2C2D-2E2F-2A2B2C2D2E2F}"
EndProject
Project("{FAE04EC0-301F-11D3-BF4B-00C04F79EFBC}") = "SAFARIstack.Modules.Staff", "src\SAFARIstack.Modules.Staff\SAFARIstack.Modules.Staff.csproj", "{E3A3B3C3-3A3B-3C3D-3E3F-3A3B3C3D3E3F}"
EndProject
Project("{FAE04EC0-301F-11D3-BF4B-00C04F79EFBC}") = "SAFARIstack.Infrastructure", "src\SAFARIstack.Infrastructure\SAFARIstack.Infrastructure.csproj", "{E5A5B5C5-5A5B-5C5D-5E5F-5A5B5C5D5E5F}"
EndProject
Project("{FAE04EC0-301F-11D3-BF4B-00C04F79EFBC}") = "SAFARIstack.Shared", "src\SAFARIstack.Shared\SAFARIstack.Shared.csproj", "{E6A6B6C6-6A6B-6C6D-6E6F-6A6B6C6D6E6F}"
EndProject
Project("{2150E333-8FDC-42A3-9474-1A3956D46DE8}") = "src", "src", "{A1B1C1D1-1A1B-1C1D-1E1F-1A1B1C1D1E1F}"
EndProject
Project("{2150E333-8FDC-42A3-9474-1A3956D46DE8}") = "Solution Items", "Solution Items", "{A2B2C2D2-2A2B-2C2D-2E2F-2A2B2C2D2E2F}"
	ProjectSection(SolutionItems) = preProject
		README.md = README.md
		.gitignore = .gitignore
	EndProjectSection
EndProject
Project("{2150E333-8FDC-42A3-9474-1A3956D46DE8}") = "tests", "tests", "{0AB3BF05-4346-4AA6-1389-037BE0695223}"
EndProject
Project("{FAE04EC0-301F-11D3-BF4B-00C04F79EFBC}") = "SAFARIstack.Tests.Unit", "tests\SAFARIstack.Tests.Unit\SAFARIstack.Tests.Unit.csproj", "{44ED62C0-6B35-4425-86FA-FDAA5146FB70}"
EndProject
Project("{FAE04EC0-301F-11D3-BF4B-00C04F79EFBC}") = "SAFARIstack.Tests.Integration", "tests\SAFARIstack.Tests.Integration\SAFARIstack.Tests.Integration.csproj", "{081CB668-4DAF-4F0C-9B38-C3EA19C85C07}"
EndProject
Project("{FAE04EC0-301F-11D3-BF4B-00C04F79EFBC}") = "SAFARIstack.Modules.Analytics", "src\SAFARIstack.Modules.Analytics\SAFARIstack.Modules.Analytics.csproj", "{FBD828E0-3125-4873-9B3C-6BCF30CB2CAB}"
EndProject
Project("{FAE04EC0-301F-11D3-BF4B-00C04F79EFBC}") = "SAFARIstack.Modules.Revenue", "src\SAFARIstack.Modules.Revenue\SAFARIstack.Modules.Revenue.csproj", "{4506AE9F-9381-4C9A-A5F5-053ECBD5FB12}"
EndProject
Project("{FAE04EC0-301F-11D3-BF4B-00C04F79EFBC}") = "SAFARIstack.Modules.Channels", "src\SAFARIstack.Modules.Channels\SAFARIstack.Modules.Channels.csproj", "{89373B94-F248-4A6B-8F4D-4CAF6DC652E9}"
EndProject
Project("{FAE04EC0-301F-11D3-BF4B-00C04F79EFBC}") = "SAFARIstack.Modules.Events", "src\SAFARIstack.Modules.Events\SAFARIstack.Modules.Events.csproj", "{ABCB88A8-0C25-48DF-BE1C-80A9E85D1B89}"
EndProject
Project("{FAE04EC0-301F-11D3-BF4B-00C04F79EFBC}") = "SAFARIstack.Modules.Addons", "src\SAFARIstack.Modules.Addons\SAFARIstack.Modules.Addons.csproj", "{84A38BC9-6EA8-4B42-A917-273C2437F3AE}"
EndProject
Global
	GlobalSection(SolutionConfigurationPlatforms) = preSolution
		Debug|Any CPU = Debug|Any CPU
		Debug|x64 = Debug|x64
		Debug|x86 = Debug|x86
		Release|Any CPU = Release|Any CPU
		Release|x64 = Release|x64
		Release|x86 = Release|x86
	EndGlobalSection
	GlobalSection(ProjectConfigurationPlatforms) = postSolution
		{E1A1B1C1-1A1B-1C1D-1E1F-1A1B1C1D1E1F}.Debug|Any CPU.ActiveCfg = Debug|Any CPU
		{E1A1B1C1-1A1B-1C1D-1E1F-1A1B1C1D1E1F}.Debug|Any CPU.Build.0 = Debug|Any CPU
		{E1A1B1C1-1A1B-1C1D-1E1F-1A1B1C1D1E1F}.Debug|x64.ActiveCfg = Debug|Any CPU
		{E1A1B1C1-1A1B-1C1D-1E1F-1A1B1C1D1E1F}.Debug|x64.Build.0 = Debug|Any CPU
		{E1A1B1C1-1A1B-1C1D-1E1F-1A1B1C1D1E1F}.Debug|x86.ActiveCfg = Debug|Any CPU
		{E1A1B1C1-1A1B-1C1D-1E1F-1A1B1C1D1E1F}.Debug|x86.Build.0 = Debug|Any CPU
		{E1A1B1C1-1A1B-1C1D-1E1F-1A1B1C1D1E1F}.Release|Any CPU.ActiveCfg = Release|Any CPU
		{E1A1B1C1-1A1B-1C1D-1E1F-1A1B1C1D1E1F}.Release|Any CPU.Build.0 = Release|Any CPU
		{E1A1B1C1-1A1B-1C1D-1E1F-1A1B1C1D1E1F}.Release|x64.ActiveCfg = Release|Any CPU
		{E1A1B1C1-1A1B-1C1D-1E1F-1A1B1C1D1E1F}.Release|x64.Build.0 = Release|Any CPU
		{E1A1B1C1-1A1B-1C1D-1E1F-1A1B1C1D1E1F}.Release|x86.ActiveCfg = Release|Any CPU
		{E1A1B1C1-1A1B-1C1D-1E1F-1A1B1C1D1E1F}.Release|x86.Build.0 = Release|Any CPU
		{E2A2B2C2-2A2B-2C2D-2E2F-2A2B2C2D2E2F}.Debug|Any CPU.ActiveCfg = Debug|Any CPU
		{E2A2B2C2-2A2B-2C2D-2E2F-2A2B2C2D2E2F}.Debug|Any CPU.Build.0 = Debug|Any CPU
		{E2A2B2C2-2A2B-2C2D-2E2F-2A2B2C2D2E2F}.Debug|x64.ActiveCfg = Debug|Any CPU
		{E2A2B2C2-2A2B-2C2D-2E2F-2A2B2C2D2E2F}.Debug|x64.Build.0 = Debug|Any CPU
		{E2A2B2C2-2A2B-2C2D-2E2F-2A2B2C2D2E2F}.Debug|x86.ActiveCfg = Debug|Any CPU
		{E2A2B2C2-2A2B-2C2D-2E2F-2A2B2C2D2E2F}.Debug|x86.Build.0 = Debug|Any CPU
		{E2A2B2C2-2A2B-2C2D-2E2F-2A2B2C2D2E2F}.Release|Any CPU.ActiveCfg = Release|Any CPU
		{E2A2B2C2-2A2B-2C2D-2E2F-2A2B2C2D2E2F}.Release|Any CPU.Build.0 = Release|Any CPU
		{E2A2B2C2-2A2B-2C2D-2E2F-2A2B2C2D2E2F}.Release|x64.ActiveCfg = Release|Any CPU
		{E2A2B2C2-2A2B-2C2D-2E2F-2A2B2C2D2E2F}.Release|x64.Build.0 = Release|Any CPU
		{E2A2B2C2-2A2B-2C2D-2E2F-2A2B2C2D2E2F}.Release|x86.ActiveCfg = Release|Any CPU
		{E2A2B2C2-2A2B-2C2D-2E2F-2A2B2C2D2E2F}.Release|x86.Build.0 = Release|Any CPU
		{E3A3B3C3-3A3B-3C3D-3E3F-3A3B3C3D3E3F}.Debug|Any CPU.ActiveCfg = Debug|Any CPU
		{E3A3B3C3-3A3B-3C3D-3E3F-3A3B3C3D3E3F}.Debug|Any CPU.Build.0 = Debug|Any CPU
		{E3A3B3C3-3A3B-3C3D-3E3F-3A3B3C3D3E3F}.Debug|x64.ActiveCfg = Debug|Any CPU
		{E3A3B3C3-3A3B-3C3D-3E3F-3A3B3C3D3E3F}.Debug|x64.Build.0 = Debug|Any CPU
		{E3A3B3C3-3A3B-3C3D-3E3F-3A3B3C3D3E3F}.Debug|x86.ActiveCfg = Debug|Any CPU
		{E3A3B3C3-3A3B-3C3D-3E3F-3A3B3C3D3E3F}.Debug|x86.Build.0 = Debug|Any CPU
		{E3A3B3C3-3A3B-3C3D-3E3F-3A3B3C3D3E3F}.Release|Any CPU.ActiveCfg = Release|Any CPU
		{E3A3B3C3-3A3B-3C3D-3E3F-3A3B3C3D3E3F}.Release|Any CPU.Build.0 = Release|Any CPU
		{E3A3B3C3-3A3B-3C3D-3E3F-3A3B3C3D3E3F}.Release|x64.ActiveCfg = Release|Any CPU
		{E3A3B3C3-3A3B-3C3D-3E3F-3A3B3C3D3E3F}.Release|x64.Build.0 = Release|Any CPU
		{E3A3B3C3-3A3B-3C3D-3E3F-3A3B3C3D3E3F}.Release|x86.ActiveCfg = Release|Any CPU
		{E3A3B3C3-3A3B-3C3D-3E3F-3A3B3C3D3E3F}.Release|x86.Build.0 = Release|Any CPU
		{E5A5B5C5-5A5B-5C5D-5E5F-5A5B5C5D5E5F}.Debug|Any CPU.ActiveCfg = Debug|Any CPU
		{E5A5B5C5-5A5B-5C5D-5E5F-5A5B5C5D5E5F}.Debug|Any CPU.Build.0 = Debug|Any CPU
		{E5A5B5C5-5A5B-5C5D-5E5F-5A5B5C5D5E5F}.Debug|x64.ActiveCfg = Debug|Any CPU
		{E5A5B5C5-5A5B-5C5D-5E5F-5A5B5C5D5E5F}.Debug|x64.Build.0 = Debug|Any CPU
		{E5A5B5C5-5A5B-5C5D-5E5F-5A5B5C5D5E5F}.Debug|x86.ActiveCfg = Debug|Any CPU
		{E5A5B5C5-5A5B-5C5D-5E5F-5A5B5C5D5E5F}.Debug|x86.Build.0 = Debug|Any CPU
		{E5A5B5C5-5A5B-5C5D-5E5F-5A5B5C5D5E5F}.Release|Any CPU.ActiveCfg = Release|Any CPU
		{E5A5B5C5-5A5B-5C5D-5E5F-5A5B5C5D5E5F}.Release|Any CPU.Build.0 = Release|Any CPU
		{E5A5B5C5-5A5B-5C5D-5E5F-5A5B5C5D5E5F}.Release|x64.ActiveCfg = Release|Any CPU
		{E5A5B5C5-5A5B-5C5D-5E5F-5A5B5C5D5E5F}.Release|x64.Build.0 = Release|Any CPU
		{E5A5B5C5-5A5B-5C5D-5E5F-5A5B5C5D5E5F}.Release|x86.ActiveCfg = Release|Any CPU
		{E5A5B5C5-5A5B-5C5D-5E5F-5A5B5C5D5E5F}.Release|x86.Build.0 = Release|Any CPU
		{E6A6B6C6-6A6B-6C6D-6E6F-6A6B6C6D6E6F}.Debug|Any CPU.ActiveCfg = Debug|Any CPU
		{E6A6B6C6-6A6B-6C6D-6E6F-6A6B6C6D6E6F}.Debug|Any CPU.Build.0 = Debug|Any CPU
		{E6A6B6C6-6A6B-6C6D-6E6F-6A6B6C6D6E6F}.Debug|x64.ActiveCfg = Debug|Any CPU
		{E6A6B6C6-6A6B-6C6D-6E6F-6A6B6C6D6E6F}.Debug|x64.Build.0 = Debug|Any CPU
		{E6A6B6C6-6A6B-6C6D-6E6F-6A6B6C6D6E6F}.Debug|x86.ActiveCfg = Debug|Any CPU
		{E6A6B6C6-6A6B-6C6D-6E6F-6A6B6C6D6E6F}.Debug|x86.Build.0 = Debug|Any CPU
		{E6A6B6C6-6A6B-6C6D-6E6F-6A6B6C6D6E6F}.Release|Any CPU.ActiveCfg = Release|Any CPU
		{E6A6B6C6-6A6B-6C6D-6E6F-6A6B6C6D6E6F}.Release|Any CPU.Build.0 = Release|Any CPU
		{E6A6B6C6-6A6B-6C6D-6E6F-6A6B6C6D6E6F}.Release|x64.ActiveCfg = Release|Any CPU
		{E6A6B6C6-6A6B-6C6D-6E6F-6A6B6C6D6E6F}.Release|x64.Build.0 = Release|Any CPU
		{E6A6B6C6-6A6B-6C6D-6E6F-6A6B6C6D6E6F}.Release|x86.ActiveCfg = Release|Any CPU
		{E6A6B6C6-6A6B-6C6D-6E6F-6A6B6C6D6E6F}.Release|x86.Build.0 = Release|Any CPU
		{44ED62C0-6B35-4425-86FA-FDAA5146FB70}.Debug|Any CPU.ActiveCfg = Debug|Any CPU
		{44ED62C0-6B35-4425-86FA-FDAA5146FB70}.Debug|Any CPU.Build.0 = Debug|Any CPU
		{44ED62C0-6B35-4425-86FA-FDAA5146FB70}.Debug|x64.ActiveCfg = Debug|Any CPU
		{44ED62C0-6B35-4425-86FA-FDAA5146FB70}.Debug|x64.Build.0 = Debug|Any CPU
		{44ED62C0-6B35-4425-86FA-FDAA5146FB70}.Debug|x86.ActiveCfg = Debug|Any CPU
		{44ED62C0-6B35-4425-86FA-FDAA5146FB70}.Debug|x86.Build.0 = Debug|Any CPU
		{44ED62C0-6B35-4425-86FA-FDAA5146FB70}.Release|Any CPU.ActiveCfg = Release|Any CPU
		{44ED62C0-6B35-4425-86FA-FDAA5146FB70}.Release|Any CPU.Build.0 = Release|Any CPU
		{44ED62C0-6B35-4425-86FA-FDAA5146FB70}.Release|x64.ActiveCfg = Release|Any CPU
		{44ED62C0-6B35-4425-86FA-FDAA5146FB70}.Release|x64.Build.0 = Release|Any CPU
		{44ED62C0-6B35-4425-86FA-FDAA5146FB70}.Release|x86.ActiveCfg = Release|Any CPU
		{44ED62C0-6B35-4425-86FA-FDAA5146FB70}.Release|x86.Build.0 = Release|Any CPU
		{081CB668-4DAF-4F0C-9B38-C3EA19C85C07}.Debug|Any CPU.ActiveCfg = Debug|Any CPU
		{081CB668-4DAF-4F0C-9B38-C3EA19C85C07}.Debug|Any CPU.Build.0 = Debug|Any CPU
		{081CB668-4DAF-4F0C-9B38-C3EA19C85C07}.Debug|x64.ActiveCfg = Debug|Any CPU
		{081CB668-4DAF-4F0C-9B38-C3EA19C85C07}.Debug|x64.Build.0 = Debug|Any CPU
		{081CB668-4DAF-4F0C-9B38-C3EA19C85C07}.Debug|x86.ActiveCfg = Debug|Any CPU
		{081CB668-4DAF-4F0C-9B38-C3EA19C85C07}.Debug|x86.Build.0 = Debug|Any CPU
		{081CB668-4DAF-4F0C-9B38-C3EA19C85C07}.Release|Any CPU.ActiveCfg = Release|Any CPU
		{081CB668-4DAF-4F0C-9B38-C3EA19C85C07}.Release|Any CPU.Build.0 = Release|Any CPU
		{081CB668-4DAF-4F0C-9B38-C3EA19C85C07}.Release|x64.ActiveCfg = Release|Any CPU
		{081CB668-4DAF-4F0C-9B38-C3EA19C85C07}.Release|x64.Build.0 = Release|Any CPU
		{081CB668-4DAF-4F0C-9B38-C3EA19C85C07}.Release|x86.ActiveCfg = Release|Any CPU
		{081CB668-4DAF-4F0C-9B38-C3EA19C85C07}.Release|x86.Build.0 = Release|Any CPU
		{FBD828E0-3125-4873-9B3C-6BCF30CB2CAB}.Debug|Any CPU.ActiveCfg = Debug|Any CPU
		{FBD828E0-3125-4873-9B3C-6BCF30CB2CAB}.Debug|Any CPU.Build.0 = Debug|Any CPU
		{FBD828E0-3125-4873-9B3C-6BCF30CB2CAB}.Debug|x64.ActiveCfg = Debug|Any CPU
		{FBD828E0-3125-4873-9B3C-6BCF30CB2CAB}.Debug|x64.Build.0 = Debug|Any CPU
		{FBD828E0-3125-4873-9B3C-6BCF30CB2CAB}.Debug|x86.ActiveCfg = Debug|Any CPU
		{FBD828E0-3125-4873-9B3C-6BCF30CB2CAB}.Debug|x86.Build.0 = Debug|Any CPU
		{FBD828E0-3125-4873-9B3C-6BCF30CB2CAB}.Release|Any CPU.ActiveCfg = Release|Any CPU
		{FBD828E0-3125-4873-9B3C-6BCF30CB2CAB}.Release|Any CPU.Build.0 = Release|Any CPU
		{FBD828E0-3125-4873-9B3C-6BCF30CB2CAB}.Release|x64.ActiveCfg = Release|Any CPU
		{FBD828E0-3125-4873-9B3C-6BCF30CB2CAB}.Release|x64.Build.0 = Release|Any CPU
		{FBD828E0-3125-4873-9B3C-6BCF30CB2CAB}.Release|x86.ActiveCfg = Release|Any CPU
		{FBD828E0-3125-4873-9B3C-6BCF30CB2CAB}.Release|x86.Build.0 = Release|Any CPU
		{4506AE9F-9381-4C9A-A5F5-053ECBD5FB12}.Debug|Any CPU.ActiveCfg = Debug|Any CPU
		{4506AE9F-9381-4C9A-A5F5-053ECBD5FB12}.Debug|Any CPU.Build.0 = Debug|Any CPU
		{4506AE9F-9381-4C9A-A5F5-053ECBD5FB12}.Debug|x64.ActiveCfg = Debug|Any CPU
		{4506AE9F-9381-4C9A-A5F5-053ECBD5FB12}.Debug|x64.Build.0 = Debug|Any CPU
		{4506AE9F-9381-4C9A-A5F5-053ECBD5FB12}.Debug|x86.ActiveCfg = Debug|Any CPU
		{4506AE9F-9381-4C9A-A5F5-053ECBD5FB12}.Debug|x86.Build.0 = Debug|Any CPU
		{4506AE9F-9381-4C9A-A5F5-053ECBD5FB12}.Release|Any CPU.ActiveCfg = Release|Any CPU
		{4506AE9F-9381-4C9A-A5F5-053ECBD5FB12}.Release|Any CPU.Build.0 = Release|Any CPU
		{4506AE9F-9381-4C9A-A5F5-053ECBD5FB12}.Release|x64.ActiveCfg = Release|Any CPU
		{4506AE9F-9381-4C9A-A5F5-053ECBD5FB12}.Release|x64.Build.0 = Release|Any CPU
		{4506AE9F-9381-4C9A-A5F5-053ECBD5FB12}.Release|x86.ActiveCfg = Release|Any CPU
		{4506AE9F-9381-4C9A-A5F5-053ECBD5FB12}.Release|x86.Build.0 = Release|Any CPU
		{89373B94-F248-4A6B-8F4D-4CAF6DC652E9}.Debug|Any CPU.ActiveCfg = Debug|Any CPU
		{89373B94-F248-4A6B-8F4D-4CAF6DC652E9}.Debug|Any CPU.Build.0 = Debug|Any CPU
		{89373B94-F248-4A6B-8F4D-4CAF6DC652E9}.Debug|x64.ActiveCfg = Debug|Any CPU
		{89373B94-F248-4A6B-8F4D-4CAF6DC652E9}.Debug|x64.Build.0 = Debug|Any CPU
		{89373B94-F248-4A6B-8F4D-4CAF6DC652E9}.Debug|x86.ActiveCfg = Debug|Any CPU
		{89373B94-F248-4A6B-8F4D-4CAF6DC652E9}.Debug|x86.Build.0 = Debug|Any CPU
		{89373B94-F248-4A6B-8F4D-4CAF6DC652E9}.Release|Any CPU.ActiveCfg = Release|Any CPU
		{89373B94-F248-4A6B-8F4D-4CAF6DC652E9}.Release|Any CPU.Build.0 = Release|Any CPU
		{89373B94-F248-4A6B-8F4D-4CAF6DC652E9}.Release|x64.ActiveCfg = Release|Any CPU
		{89373B94-F248-4A6B-8F4D-4CAF6DC652E9}.Release|x64.Build.0 = Release|Any CPU
		{89373B94-F248-4A6B-8F4D-4CAF6DC652E9}.Release|x86.ActiveCfg = Release|Any CPU
		{89373B94-F248-4A6B-8F4D-4CAF6DC652E9}.Release|x86.Build.0 = Release|Any CPU
		{ABCB88A8-0C25-48DF-BE1C-80A9E85D1B89}.Debug|Any CPU.ActiveCfg = Debug|Any CPU
		{ABCB88A8-0C25-48DF-BE1C-80A9E85D1B89}.Debug|Any CPU.Build.0 = Debug|Any CPU
		{ABCB88A8-0C25-48DF-BE1C-80A9E85D1B89}.Debug|x64.ActiveCfg = Debug|Any CPU
		{ABCB88A8-0C25-48DF-BE1C-80A9E85D1B89}.Debug|x64.Build.0 = Debug|Any CPU
		{ABCB88A8-0C25-48DF-BE1C-80A9E85D1B89}.Debug|x86.ActiveCfg = Debug|Any CPU
		{ABCB88A8-0C25-48DF-BE1C-80A9E85D1B89}.Debug|x86.Build.0 = Debug|Any CPU
		{ABCB88A8-0C25-48DF-BE1C-80A9E85D1B89}.Release|Any CPU.ActiveCfg = Release|Any CPU
		{ABCB88A8-0C25-48DF-BE1C-80A9E85D1B89}.Release|Any CPU.Build.0 = Release|Any CPU
		{ABCB88A8-0C25-48DF-BE1C-80A9E85D1B89}.Release|x64.ActiveCfg = Release|Any CPU
		{ABCB88A8-0C25-48DF-BE1C-80A9E85D1B89}.Release|x64.Build.0 = Release|Any CPU
		{ABCB88A8-0C25-48DF-BE1C-80A9E85D1B89}.Release|x86.ActiveCfg = Release|Any CPU
		{ABCB88A8-0C25-48DF-BE1C-80A9E85D1B89}.Release|x86.Build.0 = Release|Any CPU
		{84A38BC9-6EA8-4B42-A917-273C2437F3AE}.Debug|Any CPU.ActiveCfg = Debug|Any CPU
		{84A38BC9-6EA8-4B42-A917-273C2437F3AE}.Debug|Any CPU.Build.0 = Debug|Any CPU
		{84A38BC9-6EA8-4B42-A917-273C2437F3AE}.Debug|x64.ActiveCfg = Debug|Any CPU
		{84A38BC9-6EA8-4B42-A917-273C2437F3AE}.Debug|x64.Build.0 = Debug|Any CPU
		{84A38BC9-6EA8-4B42-A917-273C2437F3AE}.Debug|x86.ActiveCfg = Debug|Any CPU
		{84A38BC9-6EA8-4B42-A917-273C2437F3AE}.Debug|x86.Build.0 = Debug|Any CPU
		{84A38BC9-6EA8-4B42-A917-273C2437F3AE}.Release|Any CPU.ActiveCfg = Release|Any CPU
		{84A38BC9-6EA8-4B42-A917-273C2437F3AE}.Release|Any CPU.Build.0 = Release|Any CPU
		{84A38BC9-6EA8-4B42-A917-273C2437F3AE}.Release|x64.ActiveCfg = Release|Any CPU
		{84A38BC9-6EA8-4B42-A917-273C2437F3AE}.Release|x64.Build.0 = Release|Any CPU
		{84A38BC9-6EA8-4B42-A917-273C2437F3AE}.Release|x86.ActiveCfg = Release|Any CPU
		{84A38BC9-6EA8-4B42-A917-273C2437F3AE}.Release|x86.Build.0 = Release|Any CPU
	EndGlobalSection
	GlobalSection(SolutionProperties) = preSolution
		HideSolutionNode = FALSE
	EndGlobalSection
	GlobalSection(NestedProjects) = preSolution
		{E1A1B1C1-1A1B-1C1D-1E1F-1A1B1C1D1E1F} = {A1B1C1D1-1A1B-1C1D-1E1F-1A1B1C1D1E1F}
		{E2A2B2C2-2A2B-2C2D-2E2F-2A2B2C2D2E2F} = {A1B1C1D1-1A1B-1C1D-1E1F-1A1B1C1D1E1F}
		{E3A3B3C3-3A3B-3C3D-3E3F-3A3B3C3D3E3F} = {A1B1C1D1-1A1B-1C1D-1E1F-1A1B1C1D1E1F}
		{E5A5B5C5-5A5B-5C5D-5E5F-5A5B5C5D5E5F} = {A1B1C1D1-1A1B-1C1D-1E1F-1A1B1C1D1E1F}
		{E6A6B6C6-6A6B-6C6D-6E6F-6A6B6C6D6E6F} = {A1B1C1D1-1A1B-1C1D-1E1F-1A1B1C1D1E1F}
		{44ED62C0-6B35-4425-86FA-FDAA5146FB70} = {0AB3BF05-4346-4AA6-1389-037BE0695223}
		{081CB668-4DAF-4F0C-9B38-C3EA19C85C07} = {0AB3BF05-4346-4AA6-1389-037BE0695223}
		{FBD828E0-3125-4873-9B3C-6BCF30CB2CAB} = {A1B1C1D1-1A1B-1C1D-1E1F-1A1B1C1D1E1F}
		{4506AE9F-9381-4C9A-A5F5-053ECBD5FB12} = {A1B1C1D1-1A1B-1C1D-1E1F-1A1B1C1D1E1F}
		{89373B94-F248-4A6B-8F4D-4CAF6DC652E9} = {A1B1C1D1-1A1B-1C1D-1E1F-1A1B1C1D1E1F}
		{ABCB88A8-0C25-48DF-BE1C-80A9E85D1B89} = {A1B1C1D1-1A1B-1C1D-1E1F-1A1B1C1D1E1F}
		{84A38BC9-6EA8-4B42-A917-273C2437F3AE} = {A1B1C1D1-1A1B-1C1D-1E1F-1A1B1C1D1E1F}
	EndGlobalSection
EndGlobal
